Microsoft Visual Studio Solution File, Format Version 12.00
# Visual Studio Version 16
VisualStudioVersion = 16.0.29306.81
MinimumVisualStudioVersion = 10.0.40219.1
Project("{9A19103F-16F7-4668-BE54-9A1E7A4F7556}") = "AutocompleteExtension", "AutocompleteExtension\AutocompleteExtension.csproj", "{E8AC55B6-84D6-42BC-828D-DB2FC22FA341}"
EndProject
Project("{FAE04EC0-301F-11D3-BF4B-00C04F79EFBC}") = "AutocompleteExtensionTest.iOS", "AutocompleteExtensionTest\AutocompleteExtensionTest.iOS\AutocompleteExtensionTest.iOS.csproj", "{75B2755F-A6E5-45C6-B012-86EE36839CC8}"
EndProject
Project("{FAE04EC0-301F-11D3-BF4B-00C04F79EFBC}") = "AutocompleteExtensionTest", "AutocompleteExtensionTest\AutocompleteExtensionTest\AutocompleteExtensionTest.csproj", "{568E519A-C786-4BF7-8FC9-85A9F7654125}"
EndProject
Global
	GlobalSection(SolutionConfigurationPlatforms) = preSolution
		Debug|Any CPU = Debug|Any CPU
		Debug|iPhone = Debug|iPhone
		Debug|iPhoneSimulator = Debug|iPhoneSimulator
		Release|Any CPU = Release|Any CPU
		Release|iPhone = Release|iPhone
		Release|iPhoneSimulator = Release|iPhoneSimulator
	EndGlobalSection
	GlobalSection(ProjectConfigurationPlatforms) = postSolution
		{E8AC55B6-84D6-42BC-828D-DB2FC22FA341}.Debug|Any CPU.ActiveCfg = Debug|Any CPU
		{E8AC55B6-84D6-42BC-828D-DB2FC22FA341}.Debug|Any CPU.Build.0 = Debug|Any CPU
		{E8AC55B6-84D6-42BC-828D-DB2FC22FA341}.Debug|iPhone.ActiveCfg = Debug|Any CPU
		{E8AC55B6-84D6-42BC-828D-DB2FC22FA341}.Debug|iPhone.Build.0 = Debug|Any CPU
		{E8AC55B6-84D6-42BC-828D-DB2FC22FA341}.Debug|iPhoneSimulator.ActiveCfg = Debug|Any CPU
		{E8AC55B6-84D6-42BC-828D-DB2FC22FA341}.Debug|iPhoneSimulator.Build.0 = Debug|Any CPU
		{E8AC55B6-84D6-42BC-828D-DB2FC22FA341}.Release|Any CPU.ActiveCfg = Release|Any CPU
		{E8AC55B6-84D6-42BC-828D-DB2FC22FA341}.Release|Any CPU.Build.0 = Release|Any CPU
		{E8AC55B6-84D6-42BC-828D-DB2FC22FA341}.Release|iPhone.ActiveCfg = Release|Any CPU
		{E8AC55B6-84D6-42BC-828D-DB2FC22FA341}.Release|iPhone.Build.0 = Release|Any CPU
		{E8AC55B6-84D6-42BC-828D-DB2FC22FA341}.Release|iPhoneSimulator.ActiveCfg = Release|Any CPU
		{E8AC55B6-84D6-42BC-828D-DB2FC22FA341}.Release|iPhoneSimulator.Build.0 = Release|Any CPU
		{75B2755F-A6E5-45C6-B012-86EE36839CC8}.Debug|Any CPU.ActiveCfg = Debug|iPhone
		{75B2755F-A6E5-45C6-B012-86EE36839CC8}.Debug|iPhone.ActiveCfg = Debug|iPhone
		{75B2755F-A6E5-45C6-B012-86EE36839CC8}.Debug|iPhone.Build.0 = Debug|iPhone
		{75B2755F-A6E5-45C6-B012-86EE36839CC8}.Debug|iPhoneSimulator.ActiveCfg = Debug|iPhoneSimulator
		{75B2755F-A6E5-45C6-B012-86EE36839CC8}.Debug|iPhoneSimulator.Build.0 = Debug|iPhoneSimulator
		{75B2755F-A6E5-45C6-B012-86EE36839CC8}.Release|Any CPU.ActiveCfg = Release|iPhone
		{75B2755F-A6E5-45C6-B012-86EE36839CC8}.Release|iPhone.ActiveCfg = Release|iPhone
		{75B2755F-A6E5-45C6-B012-86EE36839CC8}.Release|iPhone.Build.0 = Release|iPhone
		{75B2755F-A6E5-45C6-B012-86EE36839CC8}.Release|iPhoneSimulator.ActiveCfg = Release|iPhoneSimulator
		{75B2755F-A6E5-45C6-B012-86EE36839CC8}.Release|iPhoneSimulator.Build.0 = Release|iPhoneSimulator
		{568E519A-C786-4BF7-8FC9-85A9F7654125}.Debug|Any CPU.ActiveCfg = Debug|Any CPU
		{568E519A-C786-4BF7-8FC9-85A9F7654125}.Debug|Any CPU.Build.0 = Debug|Any CPU
		{568E519A-C786-4BF7-8FC9-85A9F7654125}.Debug|iPhone.ActiveCfg = Debug|Any CPU
		{568E519A-C786-4BF7-8FC9-85A9F7654125}.Debug|iPhone.Build.0 = Debug|Any CPU
		{568E519A-C786-4BF7-8FC9-85A9F7654125}.Debug|iPhoneSimulator.ActiveCfg = Debug|Any CPU
		{568E519A-C786-4BF7-8FC9-85A9F7654125}.Debug|iPhoneSimulator.Build.0 = Debug|Any CPU
		{568E519A-C786-4BF7-8FC9-85A9F7654125}.Release|Any CPU.ActiveCfg = Release|Any CPU
		{568E519A-C786-4BF7-8FC9-85A9F7654125}.Release|Any CPU.Build.0 = Release|Any CPU
		{568E519A-C786-4BF7-8FC9-85A9F7654125}.Release|iPhone.ActiveCfg = Release|Any CPU
		{568E519A-C786-4BF7-8FC9-85A9F7654125}.Release|iPhone.Build.0 = Release|Any CPU
		{568E519A-C786-4BF7-8FC9-85A9F7654125}.Release|iPhoneSimulator.ActiveCfg = Release|Any CPU
		{568E519A-C786-4BF7-8FC9-85A9F7654125}.Release|iPhoneSimulator.Build.0 = Release|Any CPU
	EndGlobalSection
	GlobalSection(SolutionProperties) = preSolution
		HideSolutionNode = FALSE
	EndGlobalSection
	GlobalSection(ExtensibilityGlobals) = postSolution
		SolutionGuid = {7ACB94AC-5580-4F1B-A8E7-E19ACC01F4E2}
	EndGlobalSection
EndGlobal
