Microsoft Visual Studio Solution File, Format Version 12.00
# Visual Studio Version 16
VisualStudioVersion = 16.0.29306.81
MinimumVisualStudioVersion = 10.0.40219.1
Project("{FAE04EC0-301F-11D3-BF4B-00C04F79EFBC}") = "AutocompleteExtensionTest.Android", "AutocompleteExtensionTest\AutocompleteExtensionTest.Android\AutocompleteExtensionTest.Android.csproj", "{5F190663-F731-47AB-BB84-ABA5D6CB6E4E}"
EndProject
Project("{FAE04EC0-301F-11D3-BF4B-00C04F79EFBC}") = "AutocompleteExtensionTest.iOS", "AutocompleteExtensionTest\AutocompleteExtensionTest.iOS\AutocompleteExtensionTest.iOS.csproj", "{AA4A4A04-DFA3-4176-8269-B433CF16CE92}"
EndProject
Project("{FAE04EC0-301F-11D3-BF4B-00C04F79EFBC}") = "AutocompleteExtensionTest", "AutocompleteExtensionTest\AutocompleteExtensionTest\AutocompleteExtensionTest.csproj", "{FA9382A6-E653-4ED7-87AE-18A9EEA1071B}"
EndProject
Project("{FAE04EC0-301F-11D3-BF4B-00C04F79EFBC}") = "AutocompleteExtension", "AutocompleteExtension\AutocompleteExtension.csproj", "{6D7B60A3-CE88-4F79-BED4-FE8B5723920D}"
EndProject
Global
	GlobalSection(SolutionConfigurationPlatforms) = preSolution
		Debug|Any CPU = Debug|Any CPU
		Debug|iPhone = Debug|iPhone
		Debug|iPhoneSimulator = Debug|iPhoneSimulator
		Release|Any CPU = Release|Any CPU
		Release|iPhone = Release|iPhone
		Release|iPhoneSimulator = Release|iPhoneSimulator
	EndGlobalSection
	GlobalSection(ProjectConfigurationPlatforms) = postSolution
		{5F190663-F731-47AB-BB84-ABA5D6CB6E4E}.Debug|Any CPU.ActiveCfg = Debug|Any CPU
		{5F190663-F731-47AB-BB84-ABA5D6CB6E4E}.Debug|Any CPU.Build.0 = Debug|Any CPU
		{5F190663-F731-47AB-BB84-ABA5D6CB6E4E}.Debug|Any CPU.Deploy.0 = Debug|Any CPU
		{5F190663-F731-47AB-BB84-ABA5D6CB6E4E}.Debug|iPhone.ActiveCfg = Debug|Any CPU
		{5F190663-F731-47AB-BB84-ABA5D6CB6E4E}.Debug|iPhone.Build.0 = Debug|Any CPU
		{5F190663-F731-47AB-BB84-ABA5D6CB6E4E}.Debug|iPhone.Deploy.0 = Debug|Any CPU
		{5F190663-F731-47AB-BB84-ABA5D6CB6E4E}.Debug|iPhoneSimulator.ActiveCfg = Debug|Any CPU
		{5F190663-F731-47AB-BB84-ABA5D6CB6E4E}.Debug|iPhoneSimulator.Build.0 = Debug|Any CPU
		{5F190663-F731-47AB-BB84-ABA5D6CB6E4E}.Debug|iPhoneSimulator.Deploy.0 = Debug|Any CPU
		{5F190663-F731-47AB-BB84-ABA5D6CB6E4E}.Release|Any CPU.ActiveCfg = Release|Any CPU
		{5F190663-F731-47AB-BB84-ABA5D6CB6E4E}.Release|Any CPU.Build.0 = Release|Any CPU
		{5F190663-F731-47AB-BB84-ABA5D6CB6E4E}.Release|Any CPU.Deploy.0 = Release|Any CPU
		{5F190663-F731-47AB-BB84-ABA5D6CB6E4E}.Release|iPhone.ActiveCfg = Release|Any CPU
		{5F190663-F731-47AB-BB84-ABA5D6CB6E4E}.Release|iPhone.Build.0 = Release|Any CPU
		{5F190663-F731-47AB-BB84-ABA5D6CB6E4E}.Release|iPhone.Deploy.0 = Release|Any CPU
		{5F190663-F731-47AB-BB84-ABA5D6CB6E4E}.Release|iPhoneSimulator.ActiveCfg = Release|Any CPU
		{5F190663-F731-47AB-BB84-ABA5D6CB6E4E}.Release|iPhoneSimulator.Build.0 = Release|Any CPU
		{5F190663-F731-47AB-BB84-ABA5D6CB6E4E}.Release|iPhoneSimulator.Deploy.0 = Release|Any CPU
		{AA4A4A04-DFA3-4176-8269-B433CF16CE92}.Debug|Any CPU.ActiveCfg = Debug|iPhone
		{AA4A4A04-DFA3-4176-8269-B433CF16CE92}.Debug|iPhone.ActiveCfg = Debug|iPhone
		{AA4A4A04-DFA3-4176-8269-B433CF16CE92}.Debug|iPhone.Build.0 = Debug|iPhone
		{AA4A4A04-DFA3-4176-8269-B433CF16CE92}.Debug|iPhoneSimulator.ActiveCfg = Debug|iPhoneSimulator
		{AA4A4A04-DFA3-4176-8269-B433CF16CE92}.Debug|iPhoneSimulator.Build.0 = Debug|iPhoneSimulator
		{AA4A4A04-DFA3-4176-8269-B433CF16CE92}.Release|Any CPU.ActiveCfg = Release|iPhone
		{AA4A4A04-DFA3-4176-8269-B433CF16CE92}.Release|iPhone.ActiveCfg = Release|iPhone
		{AA4A4A04-DFA3-4176-8269-B433CF16CE92}.Release|iPhone.Build.0 = Release|iPhone
		{AA4A4A04-DFA3-4176-8269-B433CF16CE92}.Release|iPhoneSimulator.ActiveCfg = Release|iPhoneSimulator
		{AA4A4A04-DFA3-4176-8269-B433CF16CE92}.Release|iPhoneSimulator.Build.0 = Release|iPhoneSimulator
		{FA9382A6-E653-4ED7-87AE-18A9EEA1071B}.Debug|Any CPU.ActiveCfg = Debug|Any CPU
		{FA9382A6-E653-4ED7-87AE-18A9EEA1071B}.Debug|Any CPU.Build.0 = Debug|Any CPU
		{FA9382A6-E653-4ED7-87AE-18A9EEA1071B}.Debug|iPhone.ActiveCfg = Debug|Any CPU
		{FA9382A6-E653-4ED7-87AE-18A9EEA1071B}.Debug|iPhone.Build.0 = Debug|Any CPU
		{FA9382A6-E653-4ED7-87AE-18A9EEA1071B}.Debug|iPhoneSimulator.ActiveCfg = Debug|Any CPU
		{FA9382A6-E653-4ED7-87AE-18A9EEA1071B}.Debug|iPhoneSimulator.Build.0 = Debug|Any CPU
		{FA9382A6-E653-4ED7-87AE-18A9EEA1071B}.Release|Any CPU.ActiveCfg = Release|Any CPU
		{FA9382A6-E653-4ED7-87AE-18A9EEA1071B}.Release|Any CPU.Build.0 = Release|Any CPU
		{FA9382A6-E653-4ED7-87AE-18A9EEA1071B}.Release|iPhone.ActiveCfg = Release|Any CPU
		{FA9382A6-E653-4ED7-87AE-18A9EEA1071B}.Release|iPhone.Build.0 = Release|Any CPU
		{FA9382A6-E653-4ED7-87AE-18A9EEA1071B}.Release|iPhoneSimulator.ActiveCfg = Release|Any CPU
		{FA9382A6-E653-4ED7-87AE-18A9EEA1071B}.Release|iPhoneSimulator.Build.0 = Release|Any CPU
		{6D7B60A3-CE88-4F79-BED4-FE8B5723920D}.Debug|Any CPU.ActiveCfg = Debug|Any CPU
		{6D7B60A3-CE88-4F79-BED4-FE8B5723920D}.Debug|Any CPU.Build.0 = Debug|Any CPU
		{6D7B60A3-CE88-4F79-BED4-FE8B5723920D}.Debug|iPhone.ActiveCfg = Debug|Any CPU
		{6D7B60A3-CE88-4F79-BED4-FE8B5723920D}.Debug|iPhone.Build.0 = Debug|Any CPU
		{6D7B60A3-CE88-4F79-BED4-FE8B5723920D}.Debug|iPhoneSimulator.ActiveCfg = Debug|Any CPU
		{6D7B60A3-CE88-4F79-BED4-FE8B5723920D}.Debug|iPhoneSimulator.Build.0 = Debug|Any CPU
		{6D7B60A3-CE88-4F79-BED4-FE8B5723920D}.Release|Any CPU.ActiveCfg = Release|Any CPU
		{6D7B60A3-CE88-4F79-BED4-FE8B5723920D}.Release|Any CPU.Build.0 = Release|Any CPU
		{6D7B60A3-CE88-4F79-BED4-FE8B5723920D}.Release|iPhone.ActiveCfg = Release|Any CPU
		{6D7B60A3-CE88-4F79-BED4-FE8B5723920D}.Release|iPhone.Build.0 = Release|Any CPU
		{6D7B60A3-CE88-4F79-BED4-FE8B5723920D}.Release|iPhoneSimulator.ActiveCfg = Release|Any CPU
		{6D7B60A3-CE88-4F79-BED4-FE8B5723920D}.Release|iPhoneSimulator.Build.0 = Release|Any CPU
	EndGlobalSection
	GlobalSection(SolutionProperties) = preSolution
		HideSolutionNode = FALSE
	EndGlobalSection
	GlobalSection(ExtensibilityGlobals) = postSolution
		SolutionGuid = {7ACB94AC-5580-4F1B-A8E7-E19ACC01F4E2}
	EndGlobalSection
EndGlobal
